{
  "$comment": [
    "GENERATED by `npm run framework:lock` — do not hand-edit.",
    "",
    "SHA-256 of every file classified `framework` or `materialized` in platform/framework.json,",
    "as of the last time this was regenerated. `npm run framework:verify` hash-checks against",
    "this file, but ONLY in role: \"consumer\" — see that script's own comment for why role:",
    "\"source\" (this repo, mid-development) skips it entirely.",
    "",
    "Regenerate with `npm run framework:lock` after any framework change, before tagging a",
    "release. Two devs regenerating this at once is a one-file conflict; resolve by re-running",
    "framework:lock after the merge, same recipe as the other generated files in this repo."
  ],
  "algorithm": "sha256",
  "files": {
    ".agents/skills/migrate-radix-to-base/SKILL.md": "8c0bbb902e22703c1d5b0432067d0350531dbf05e589555cf3653749cf504e3d",
    ".agents/skills/migrate-radix-to-base/class-mapping.md": "c288738167c663c6188caf958cdac6d72061b0ce44d6bce14d9dc6d40b4e79f9",
    ".agents/skills/migrate-radix-to-base/consumer-props.md": "f6f62f7173b95350339e930eb6ff2c9496b4d5df3571deed78d5b0159f91b1d0",
    ".agents/skills/migrate-radix-to-base/disclosure.md": "f0962f90416ead3290f532b53a66b08a905d4a8fd6ea220b7df63521c9d993ce",
    ".agents/skills/migrate-radix-to-base/display-misc.md": "76dd486105df7f0412e8d526fbeec6fa485c866ff1bf781ddccdc4d87eace0c3",
    ".agents/skills/migrate-radix-to-base/form-controls.md": "66c69dd4077e3e8852a33348f7797bdb5e934192a0cc97ce8f1264ebd137b846",
    ".agents/skills/migrate-radix-to-base/menus.md": "44188b70c3221a7d18f782641dc7f1a954bc1fa6eb42b788a1935a6613f376d9",
    ".agents/skills/migrate-radix-to-base/overlays.md": "8d9fe2b05eb22a1664637b22e6112190de88a4368420d9cb36002adc108e8a03",
    ".agents/skills/migrate-radix-to-base/universal-patterns.md": "ded6280d83ef5c52fb69f2d143cec1dd15186a0ad64ef9aaded77382251f3b48",
    ".agents/skills/migrate-radix-to-base/wrapper-shapes.md": "0bf31ea3e864a12bfa911f058ae135dc3f6f098cb0cc2aa5648b4a3d0bdd51cc",
    ".agents/skills/shadcn/SKILL.md": "d07e113a07d6252bb3a8f8700f85520abf63c47a59f259a7cb20ceb18469feef",
    ".agents/skills/shadcn/agents/openai.yml": "35db91b1eef58b2abe01da9b88577de5a44e233b740cd93d692ddeeadd2afe4d",
    ".agents/skills/shadcn/assets/shadcn-small.png": "0fc54fa8ba94eb783735add86c07232cc45a60ea3b84b87a46475dcadb028d25",
    ".agents/skills/shadcn/assets/shadcn.png": "b0e338189a77db5adaa2619dfedb192709afa81a7a6f2514e7941498f54e44db",
    ".agents/skills/shadcn/cli.md": "a381e35bf36fe7bb851952c13707e01e82434fd7a4a4e53f6df26c6370838904",
    ".agents/skills/shadcn/customization.md": "84c1d47168c4b8adb5840e4af30a4e373ae3377c1110478c8974f398dd63f5ba",
    ".agents/skills/shadcn/evals/evals.json": "58aca2760b0cc5265bb575f76cd8eed344b88544314b8cb2cd53e0b8007dc936",
    ".agents/skills/shadcn/mcp.md": "8d696b4e45b7d0e337367248513bd9acebe8f3bcfd7b748c775e5a337c8f38c8",
    ".agents/skills/shadcn/registry.md": "4f239be36bd2b58e17047db1ca80ab7da00e15a8b73242e5e4d50d113c4caa05",
    ".agents/skills/shadcn/rules/base-vs-radix.md": "2b2deb47d004285220c1fc6b38bb2edc2d0ccbcdafd031b0b189d5d8ed0d1ba8",
    ".agents/skills/shadcn/rules/chat.md": "fcbc4eb29a3998fa3e24e9f7f1cbb2b9f33e98cb5b66a153eeccdb74e78f9612",
    ".agents/skills/shadcn/rules/composition.md": "012d2a44373766fd9c13059ac1b971581fbe3982f2b1e92186a963c9990cfdcf",
    ".agents/skills/shadcn/rules/forms.md": "29593e14381e34626f8e0e9c15c59f3394b92a0623af6a6ec94585400123853c",
    ".agents/skills/shadcn/rules/icons.md": "d4a58266648872d9ee07d0c2368843a1cb88b8253b7f528dd7bda9d68b6c2535",
    ".agents/skills/shadcn/rules/styling.md": "47bd2c3b6216b96af0ab169063a83dfef7f80c58536cf69445a6f4d22753326c",
    ".claude/hooks/advise-unsaved-guard.mjs": "cd085f4c1e01b3057441ed8592a8a82c278ceee20f4c4ac862357495915e773a",
    ".claude/hooks/guard-framework.mjs": "152fc1eb7d0dda76a96024da6c527387acd094845fedb6d5572813924ba47fbf",
    ".claude/hooks/guard-generated.mjs": "47945b192a51cf3207ff1247f29bbbd72c7e1898f162afe47f6a0851a90a2566",
    ".claude/hooks/session-context.mjs": "9a2f8050dea14e8e7f81340e3cb8cc2026984a6c019ae765edf49728a000d7db",
    ".claude/launch.json": "8c6e9a337879ef8b528d546a533cfba86f624f03d25d521e1cad074f0931a544",
    ".claude/rules/architecture-rules.md": "3d9a7d75c3eba0a1cbfdced946c2c0aa0f4cd2b698a92a6a4ef192816a885002",
    ".claude/rules/clarifying-questions.md": "a2be2cc46486e3c1f006659fd5ddfbd7e6e06f29ed2d5c615c5dec5b81b376eb",
    ".claude/rules/components-rules.md": "97cb5b764f0009bff468558b4c0efe554d1ed90f6385511c1b2c0dcdedb266e3",
    ".claude/rules/hooks-rules.md": "e01fb82e123a82c01638b21a3c6f7d8f62c93c89e78d26b1b180033c55e3a69b",
    ".claude/rules/index-css-rules.md": "35cee2c35dcb9a0324c7130ed74236dd17c2e265737c407c9e31393293c49fd8",
    ".claude/rules/pages-rules.md": "03e8abd8ef0d786aca069956b83346f0b989dfd69964796c47d6de632e9108a2",
    ".claude/rules/service-rules.md": "14ff73b158e1cee00d47bd366b1a7a704bf7b3e84a29bed118e516642423afbb",
    ".claude/rules/utils-rules.md": "b84fd354243f84d3286902e57c9e195266abc30c8b54d1d711731b74e73276a4",
    ".claude/settings.json": "04aea1284bcf1437d7012bc5f257cd2116f61f62e2bb9c51b289716fd4155536",
    ".claude/skills/add-new-route/SKILL.md": "c76175f7cd9a9a6e51f6468c7f2c70d8b81e69956f6e8392e7407d0e2078bd28",
    ".claude/skills/add-page-template/SKILL.md": "7af0eb761bc2fc9407ab4c92f2381f846fd2fc5e489f115f25538490155fc2d3",
    ".claude/skills/add-types/SKILL.md": "f6cb75c4a1aef073d09d54fbdf19442176bd86dc600fd40f5d049515d7fc2f26",
    ".claude/skills/add-ui-component/SKILL.md": "d90ca279fc314650d125bf28d83ee79f54ef78a8b15bf43005102c2b9bc33f44",
    ".claude/skills/build-app/SKILL.md": "40f5706d0fdfbe7de7d83fb03cbbd56eb55c11ddb8f6f501c57e761c9a67014e",
    ".claude/skills/build-custom-ui/SKILL.md": "df7e2221f3c46db3099bf664fa875a8cd0d1f9120c22cb9df89af72c3ab7d022",
    ".claude/skills/build-datatable/SKILL.md": "f625601fdd5e518330daad9389b580557199baa27f01717ac793969f4ceecb7d",
    ".claude/skills/build-form-page/SKILL.md": "e863bd18df898b2da9987db48450d70faa72bb756be71190dcd8b8eeba068548",
    ".claude/skills/build-from-sample/SKILL.md": "f772bb4ee1d7e3e147be21fd2bfbd8295bff406a9cf06899ddf8869ab35654ee",
    ".claude/skills/call-api/SKILL.md": "9396371b9debd6118cd69b48cc60fd6eec2caef048282def3c4b8ff6b4b927a6",
    ".claude/skills/gen-supabase-types/SKILL.md": "86bd41ff9786e671d21cf66ffa161edfd0c8b6e47187393af850fa36e2f175ee",
    ".claude/skills/migrate-radix-to-base/SKILL.md": "8c0bbb902e22703c1d5b0432067d0350531dbf05e589555cf3653749cf504e3d",
    ".claude/skills/migrate-radix-to-base/class-mapping.md": "c288738167c663c6188caf958cdac6d72061b0ce44d6bce14d9dc6d40b4e79f9",
    ".claude/skills/migrate-radix-to-base/consumer-props.md": "f6f62f7173b95350339e930eb6ff2c9496b4d5df3571deed78d5b0159f91b1d0",
    ".claude/skills/migrate-radix-to-base/disclosure.md": "f0962f90416ead3290f532b53a66b08a905d4a8fd6ea220b7df63521c9d993ce",
    ".claude/skills/migrate-radix-to-base/display-misc.md": "76dd486105df7f0412e8d526fbeec6fa485c866ff1bf781ddccdc4d87eace0c3",
    ".claude/skills/migrate-radix-to-base/form-controls.md": "66c69dd4077e3e8852a33348f7797bdb5e934192a0cc97ce8f1264ebd137b846",
    ".claude/skills/migrate-radix-to-base/menus.md": "44188b70c3221a7d18f782641dc7f1a954bc1fa6eb42b788a1935a6613f376d9",
    ".claude/skills/migrate-radix-to-base/overlays.md": "8d9fe2b05eb22a1664637b22e6112190de88a4368420d9cb36002adc108e8a03",
    ".claude/skills/migrate-radix-to-base/universal-patterns.md": "ded6280d83ef5c52fb69f2d143cec1dd15186a0ad64ef9aaded77382251f3b48",
    ".claude/skills/migrate-radix-to-base/wrapper-shapes.md": "0bf31ea3e864a12bfa911f058ae135dc3f6f098cb0cc2aa5648b4a3d0bdd51cc",
    ".claude/skills/plan-app/SKILL.md": "72d3dcb78ba0e9424b7a745aacb88aa23a43666ea04e1a9177790ad58a62104b",
    ".claude/skills/plan-debug/SKILL.md": "6ac3835ad463b717e92315ffee2747fff3f454b5bfa184170dc2812789c63ef8",
    ".claude/skills/plan-design/SKILL.md": "37cc1c7ef4b7dce13d15ad5e3d8d3f5a659c58f92dcd33e33f57e8414c418ecf",
    ".claude/skills/plan-new-feature/SKILL.md": "f37f4052c720007c4f5e055fa14003a85c5db681089b2577d64d021b45a58d8a",
    ".claude/skills/plan-new-page/SKILL.md": "e66b67a35ced61cf334984749abbe7c37a2af0829bd3f61a3b296b1da12d05f3",
    ".claude/skills/resolve-conflicts/SKILL.md": "6c73aa3d6fc6bee2c461342e3cb8cfd814ddf02f2457d1385a5f1cb655de7e3b",
    ".claude/skills/resolve-conflicts/decision-table.md": "f339a2ed4699852a36a263af7a7e30546bdbf441561f889858b298bcd27c5960",
    ".claude/skills/shadcn/SKILL.md": "d07e113a07d6252bb3a8f8700f85520abf63c47a59f259a7cb20ceb18469feef",
    ".claude/skills/shadcn/agents/openai.yml": "35db91b1eef58b2abe01da9b88577de5a44e233b740cd93d692ddeeadd2afe4d",
    ".claude/skills/shadcn/assets/shadcn-small.png": "0fc54fa8ba94eb783735add86c07232cc45a60ea3b84b87a46475dcadb028d25",
    ".claude/skills/shadcn/assets/shadcn.png": "b0e338189a77db5adaa2619dfedb192709afa81a7a6f2514e7941498f54e44db",
    ".claude/skills/shadcn/cli.md": "a381e35bf36fe7bb851952c13707e01e82434fd7a4a4e53f6df26c6370838904",
    ".claude/skills/shadcn/customization.md": "84c1d47168c4b8adb5840e4af30a4e373ae3377c1110478c8974f398dd63f5ba",
    ".claude/skills/shadcn/evals/evals.json": "58aca2760b0cc5265bb575f76cd8eed344b88544314b8cb2cd53e0b8007dc936",
    ".claude/skills/shadcn/mcp.md": "8d696b4e45b7d0e337367248513bd9acebe8f3bcfd7b748c775e5a337c8f38c8",
    ".claude/skills/shadcn/registry.md": "4f239be36bd2b58e17047db1ca80ab7da00e15a8b73242e5e4d50d113c4caa05",
    ".claude/skills/shadcn/rules/base-vs-radix.md": "2b2deb47d004285220c1fc6b38bb2edc2d0ccbcdafd031b0b189d5d8ed0d1ba8",
    ".claude/skills/shadcn/rules/chat.md": "fcbc4eb29a3998fa3e24e9f7f1cbb2b9f33e98cb5b66a153eeccdb74e78f9612",
    ".claude/skills/shadcn/rules/composition.md": "012d2a44373766fd9c13059ac1b971581fbe3982f2b1e92186a963c9990cfdcf",
    ".claude/skills/shadcn/rules/forms.md": "29593e14381e34626f8e0e9c15c59f3394b92a0623af6a6ec94585400123853c",
    ".claude/skills/shadcn/rules/icons.md": "d4a58266648872d9ee07d0c2368843a1cb88b8253b7f528dd7bda9d68b6c2535",
    ".claude/skills/shadcn/rules/styling.md": "47bd2c3b6216b96af0ab169063a83dfef7f80c58536cf69445a6f4d22753326c",
    ".claude/skills/spec-page/SKILL.md": "cb3d1549046e2c889deb3c47a4d766463e4bf5ecfaeaf44427ff9c6410c2a457",
    ".editorconfig": "a6b98ea7cb6d61ed8d430dd0dffa46c87012b5cf859d4ce7207898954951fdcd",
    ".gitattributes": "771b3ac6e4be523c984d06b4a275909f9e100b9ba9930c860a4bea032dbd9376",
    ".nvmrc": "aa16ce37aad9171187913cb25cc1df06ab6c904163b4df1702fdc319f8b597eb",
    ".prettierignore": "da1b1552a9d587e9c630192fdab6fcfed7d75aa7cac9f9bb937de050db446ebb",
    ".prettierrc": "7752dba7407ce87e2bc87866f69a8f41d38b9d6ae30e7ebcf04bbbebdf9458d5",
    "AGENTS.md": "440992f4b68835fb2ebf35e841d102f25ca014bb66bee2360a15c6d7f90174a6",
    "ARCHITECTURE.md": "12a81ac3cea9a7a9a1a04cf15d2c15e07697434fcf64ffe84b1895999602b6bb",
    "CONTRIBUTING.md": "d9ae25f588c0ab2f326e063eef350b9e60f7c68d6995f4a598396f517c9a50be",
    "DESIGN.md": "4fc4cae5d14a6ca94400c0f73b16d154dec4f0c751edb73d99dfb47f166bb143",
    "components.json": "1b02bfc01ae5d98cc31033f6a4a4359c073d983bd3359a12337414d9953ed6d0",
    "docs/COMMANDS.md": "95b08ccbf8caf6107274b8ac74fe20f3b7ddfc79d7630e8c2ac018abf7474ca0",
    "docs/PREFLIGHT.md": "0d7dde46dabd4536cc1dfacd92f9d0132da0984b9e495aa77168d58948b905ed",
    "docs/architecture/auth.md": "a0e17e0124b8d78f6de6b5f82fda09952f2133937d46d75fd106ad4c0ed259fe",
    "docs/architecture/config.md": "df02c288133f53944202c84e0387c5f15540e9e7f6f172ea9c20241d663bb261",
    "docs/architecture/datatable.md": "f84680e59a111d8b2642072e0b07bda1fd67eb2de5db00c68e7759e808663703",
    "docs/architecture/navigation.md": "fac0eb7b5c5f6af124705d26f95cabe1a781b7c3a9c7c796f3e20e2854cd98a2",
    "docs/architecture/routing.md": "3ce1225887944f0f9d9fe64631c3416ee29f770598138510b33e9f6b21530c21",
    "docs/architecture/storage.md": "136b25828a6e31cf657402318b6a0d0b38bedbe5c33b57debb3c10ba4a8df8e2",
    "docs/architecture/templates.md": "40d52b1d4e686beb8c14d0ff73292eec2de8447d18310c2748da91508dfa8546",
    "docs/architecture/ui.md": "1343eb5fdc25f133915bf02df6ef57dfeab79fb664d595260bab046839299cd2",
    "docs/architecture/user-administration.md": "e65508031b039feddc56fd83d75c7a9cdc8eb6eda28ae3f40892d77ff8d11f7b",
    "docs/plan/README.md": "e14fae779f8f175c7df7bdb53a8d2ade218e56d15c891f88dbf345a9b25fe48c",
    "docs/plan/units/_TEMPLATE.md": "07e0b62205a5e79797795484322770be388626ffa6157854e9c36a1b1acb6511",
    "docs/wip/README.md": "7d9aae5ad2e379edf3aa680af82a2c09928cace3f3a3c99376e6fdb0c405c4ac",
    "docs/wip/_TEMPLATE.md": "8e2dde2971260f6ec2b26d3605226d588b96c908c090e301b466bd7bc1a26a9a",
    "platform/config/eslint.base.js": "7431eec7a68d1f7c58577cee475457b7d29b016311f02fb65b521dba891f4a25",
    "platform/framework.json": "4dab7297c68ad1f8deabc242f2f11c1fed33454429c57a2bfafe885ade08f4dc",
    "platform/materialized/.editorconfig": "a6b98ea7cb6d61ed8d430dd0dffa46c87012b5cf859d4ce7207898954951fdcd",
    "platform/materialized/.gitattributes": "771b3ac6e4be523c984d06b4a275909f9e100b9ba9930c860a4bea032dbd9376",
    "platform/materialized/.nvmrc": "aa16ce37aad9171187913cb25cc1df06ab6c904163b4df1702fdc319f8b597eb",
    "platform/materialized/.prettierignore": "da1b1552a9d587e9c630192fdab6fcfed7d75aa7cac9f9bb937de050db446ebb",
    "platform/materialized/.prettierrc": "7752dba7407ce87e2bc87866f69a8f41d38b9d6ae30e7ebcf04bbbebdf9458d5",
    "platform/materialized/AGENTS.md": "440992f4b68835fb2ebf35e841d102f25ca014bb66bee2360a15c6d7f90174a6",
    "platform/materialized/ARCHITECTURE.md": "12a81ac3cea9a7a9a1a04cf15d2c15e07697434fcf64ffe84b1895999602b6bb",
    "platform/materialized/CONTRIBUTING.md": "d9ae25f588c0ab2f326e063eef350b9e60f7c68d6995f4a598396f517c9a50be",
    "platform/materialized/DESIGN.md": "4fc4cae5d14a6ca94400c0f73b16d154dec4f0c751edb73d99dfb47f166bb143",
    "platform/materialized/components.json": "1b02bfc01ae5d98cc31033f6a4a4359c073d983bd3359a12337414d9953ed6d0",
    "platform/materialized/docs/COMMANDS.md": "95b08ccbf8caf6107274b8ac74fe20f3b7ddfc79d7630e8c2ac018abf7474ca0",
    "platform/materialized/docs/PREFLIGHT.md": "0d7dde46dabd4536cc1dfacd92f9d0132da0984b9e495aa77168d58948b905ed",
    "platform/materialized/docs/architecture/auth.md": "a0e17e0124b8d78f6de6b5f82fda09952f2133937d46d75fd106ad4c0ed259fe",
    "platform/materialized/docs/architecture/config.md": "df02c288133f53944202c84e0387c5f15540e9e7f6f172ea9c20241d663bb261",
    "platform/materialized/docs/architecture/datatable.md": "f84680e59a111d8b2642072e0b07bda1fd67eb2de5db00c68e7759e808663703",
    "platform/materialized/docs/architecture/navigation.md": "fac0eb7b5c5f6af124705d26f95cabe1a781b7c3a9c7c796f3e20e2854cd98a2",
    "platform/materialized/docs/architecture/routing.md": "3ce1225887944f0f9d9fe64631c3416ee29f770598138510b33e9f6b21530c21",
    "platform/materialized/docs/architecture/storage.md": "136b25828a6e31cf657402318b6a0d0b38bedbe5c33b57debb3c10ba4a8df8e2",
    "platform/materialized/docs/architecture/templates.md": "40d52b1d4e686beb8c14d0ff73292eec2de8447d18310c2748da91508dfa8546",
    "platform/materialized/docs/architecture/ui.md": "1343eb5fdc25f133915bf02df6ef57dfeab79fb664d595260bab046839299cd2",
    "platform/materialized/docs/architecture/user-administration.md": "e65508031b039feddc56fd83d75c7a9cdc8eb6eda28ae3f40892d77ff8d11f7b",
    "platform/materialized/docs/plan/README.md": "e14fae779f8f175c7df7bdb53a8d2ade218e56d15c891f88dbf345a9b25fe48c",
    "platform/materialized/docs/plan/units/_TEMPLATE.md": "07e0b62205a5e79797795484322770be388626ffa6157854e9c36a1b1acb6511",
    "platform/materialized/docs/wip/README.md": "7d9aae5ad2e379edf3aa680af82a2c09928cace3f3a3c99376e6fdb0c405c4ac",
    "platform/materialized/docs/wip/_TEMPLATE.md": "8e2dde2971260f6ec2b26d3605226d588b96c908c090e301b466bd7bc1a26a9a",
    "platform/materialized/skills-lock.json": "4d06ad8324e9f4cfcd06bf9697764c1b3d69c0f7a68b1bb7a67ba819f15ac776",
    "platform/materialized/src/main.tsx": "4a08bcda3550f071637099591c67b04e2b00578c98aa3948ec0f7cba93aeb926",
    "platform/materialized/src/vite-env.d.ts": "65996936fbb042915f7b74a200fcdde7e410f32a669b1ab9597cfaa4b0faddb5",
    "platform/materialized/tailwind.md": "012bc0db821ba2c643853773adbd1f9a83070a53977d464c4cc9cf351aca05ed",
    "platform/materialized/tsconfig.app.json": "754d2baa16b030e92881244a30c3819d35097486c83864d3ca54285d9f6b3acd",
    "platform/materialized/tsconfig.json": "7de655c563216758e11c1cea527747084e160cbccd09c50d27137e83f0e1340b",
    "platform/materialized/tsconfig.node.json": "a96b9ba5e40d95b92adf56431fdf9cbe25b5c2557621f0666615bff6889dfc50",
    "platform/materialized/vite.config.ts": "fcf3117fafb6198ce4edb4d05d61fdb2da7c9dfe544355a3f50aef1d5e7468cd",
    "platform/scripts/app-init.mjs": "673bc0a377042a4908c7a580b21abb4a8932349d1825bbfc8a66b8ae84eda6bc",
    "platform/scripts/docs-check.mjs": "17bf9aaa87ec82ecabedfc4b1418ecfc6883938f3f76f7624c4a6b499a5cb53a",
    "platform/scripts/eslint-rules/design-tokens.js": "87256ede86983f197dd182df805d3051ec21c3c51396519cf61f1eb4aa53ba30",
    "platform/scripts/eslint-rules/no-direct-toast.js": "f30fd7cf684399c9c90d161cd2b4a26d0721772334a978929b2557f75ad0d766",
    "platform/scripts/eslint-rules/no-inline-edit-in-column.js": "26dd9dc201152c47d4c1af88584fc4109f60da9cdee18cd4d1bdab0fd8d742a0",
    "platform/scripts/eslint-rules/unsaved-guard-shared.js": "8d1d1b5dcd049b0621803f46fd74bc56b9202573766e7a484569992f06100f90",
    "platform/scripts/eslint-rules/unsaved-guard.js": "80cb6de479e9ce62bb9993c302205fe37dd932ca11d111a4297bea6b501985a3",
    "platform/scripts/framework-apply.mjs": "8a22012ba72952806737dbfa5ad14b89a020eeec9a28fb99fa899680e629724b",
    "platform/scripts/framework-lib.mjs": "95636bbc0954b203d7bd855b7aed1f936fec73b6c0fabc51862c7dac960d5c4f",
    "platform/scripts/framework-link.mjs": "f5e33803b72fa952ad14a6d0ab5e35a3e1f46fbf0f401783860f86d5be1ecd1c",
    "platform/scripts/framework-lock.mjs": "23dbe514a615f81a36fe6a540e6008f685092c84d78dcd7858768772adb59ab8",
    "platform/scripts/framework-publish.mjs": "2f808c91457cbb4fabc988e630ed41fc2c8f65289f95d78be338877968657686",
    "platform/scripts/framework-remote.mjs": "d8b1287577d5247ab8284002f635e7ebf6ca52ece73368222be4c9f71fe489da",
    "platform/scripts/framework-reset.mjs": "a9417434d3d3ec635cd7538f60867c95278941ea8440acae8b80721bcac248bd",
    "platform/scripts/framework-update.mjs": "2a1ca3419e2f92987c3dbeb08d328e4d8171bbcc1c3d71b42d325f623bb93c77",
    "platform/scripts/framework-verify.mjs": "35ebf1a2fc549ac5deafdb39d728daa22542ee010238de5829878b1d3ca972cd",
    "platform/scripts/gen-arch-docs.mjs": "5d3b7b892c01010df8d2ee0ccf795d9233cf64c38dd6aa42ccdff692015aa85f",
    "platform/scripts/gen-plan-docs.mjs": "6efc680a4b7fc893d79ccbfabcd3651040115904488c06287019c09823cae8f8",
    "platform/scripts/gen-supabase-types.mjs": "9396371b9debd6118cd69b48cc60fd6eec2caef048282def3c4b8ff6b4b927a6",
    "platform/src/App.css": "e3b0c44298fc1c149afbf4c8996fb92427ae41e4649b934ca495991b7852b855",
    "platform/src/App.tsx": "57ed8257aebf3df5e1bde729f884617c1e36f4ecfd72ef35968152c53a823e32",
    "platform/src/app/appConfig.ts": "78c95650854041fa59a0e7b4cf6e4b206f2da92baa05f3146460815670ebe8be",
    "platform/src/app/layout/MenuIcon.tsx": "e2233f73ef0ce92a72defce8b540edddc89f164cb5ef28e2ccd3a84015adbf67",
    "platform/src/app/layout/MobileSidebar.tsx": "725e4ed0f23395cee2dbeb4421d26b5033addc9b8e1d6e0bf90d062f6b3c8324",
    "platform/src/app/layout/ModuleDropdown.tsx": "2a26b1d3855c0976e721920ca15b124bdd954bfbdd0f99c0571d02976b0434c7",
    "platform/src/app/layout/Navbar.tsx": "9cf97feb0cb401a83aa6ba370881ab45b3ebcb44d295de304176c2bdb3e7e46d",
    "platform/src/app/layout/PageLayout.tsx": "09f19b745eb1b0cf346b1861644197e546dab0c882c6920103f925a9b7170474",
    "platform/src/app/layout/RootLayout.tsx": "6002e924ac2fd6c6ba33a8e1d34363562ab0a612da44df7f48e04ed302aae869",
    "platform/src/components/Login/EntraLogin.tsx": "1521ec51f7faaa1254382248df9034e45736b8a519d41d38101513b7b526be38",
    "platform/src/components/Login/OtpLogin.tsx": "3c0e9b2b4107cf749ba7b3311107eec3d6d0cc77336cab1b2d41fc77b202d056",
    "platform/src/components/Login/PasswordLogin.tsx": "a016b2972f96ca14c702a763c328d5cf7ff1c28963e97cb23ed5f1e9c0b240bf",
    "platform/src/components/SamplePreview/SampleControls.tsx": "1902f5303489fabf330a28fa993a0f9adce576e15369fe29901ae8ca0b4665df",
    "platform/src/components/TemplatePreview/PlaceholderRegion.tsx": "b027bc14a9c6f84facab635cfc358d907c3750fb4df0e974af99f4c773ba5611",
    "platform/src/components/TemplatePreview/TemplateControls.tsx": "8097c4142bd400029d6a9cd890a7ced38ef2e7e0f278faf4f820b467d1719353",
    "platform/src/components/TemplatePreview/useTemplateConfig.ts": "f53ff2383eae1e5fcb7d90ce4a6e3d7bd8219bc03aa15921d06686450303fbee",
    "platform/src/components/ui/BackToTop.tsx": "9cdf0021bc1dc35c20f8794149c27a47858262c4ab46a47b4de728df0e889b53",
    "platform/src/components/ui/ConfirmDialog.tsx": "c49b87fb6bccef3415078478bf19df22a760ea3d11a09f06742dbfacfe7feb18",
    "platform/src/components/ui/ConfirmationPanel.tsx": "a47a4386a91fd522c5841189fe54009fe9d52c4f973cdbb0e216450e44562ce5",
    "platform/src/components/ui/DarkModeToggle.tsx": "0570d8b7e3e1465798846a6e1b4375156dee4628ed3ee82ea892c064daa5ac16",
    "platform/src/components/ui/DatePicker.tsx": "cf87ea362652eb143be22034a922aa5a49f3832f96bd0fb06a07c3218fe0f36a",
    "platform/src/components/ui/DateTimePicker.tsx": "54a6095267d1611fd5450fe2e9bc19742c974c8dead2df08cc19d2d1984d2bd5",
    "platform/src/components/ui/EmptyState.tsx": "2a49868d1b77e673d9841d2c791d8e77269a0b521696f81ff52a47d46786bd89",
    "platform/src/components/ui/FilterSheet.tsx": "bbe3700d3af226462cf511a90e3cdc0cce4366a52a913583aab0bb479e9054e0",
    "platform/src/components/ui/HighlightPanel.tsx": "920eaf93ec15228f49f6ad0fb813269291b05dd1dacd28cb447a27814b001a03",
    "platform/src/components/ui/InfoTable.tsx": "7d54b9bf01b4cb813dfcb5e980d3406d3272c1bc5cec9efb705cd2a9d22160bb",
    "platform/src/components/ui/LoadingScreen.tsx": "8ddaa574ee072f694c9925f828638f958b9c021f9709ba3ad6b07036b9b4e47e",
    "platform/src/components/ui/MultiSelect.tsx": "3cc44cddee0dd3e55f7da1aeb3f286415533f51ce8b5ba89356bc5192517981b",
    "platform/src/components/ui/PageContentHeader.tsx": "1f2255461e865336dc24df87d04068c03327d654596ae5a6c4ce7fcae4558e7b",
    "platform/src/components/ui/ScrollToTop.tsx": "80321a9f9bbf9982edca97f92027e529893e8c933830ad357db99e32a2fc1a3a",
    "platform/src/components/ui/Stepper.tsx": "1d7041159cac03b1768a264a3c135372862bc2c564e7d88485da7cf5924a62db",
    "platform/src/components/ui/TimePicker.tsx": "1885dd2dc2b7acf5a1b1c3b26b9f46ed52b6752043a906eb6ed31aee98e20e89",
    "platform/src/components/ui/UnsavedChangesDialog.tsx": "c546806f3fb66b771ebed793a06d67ead2e57ecf06efa20715df8b15c1839ddc",
    "platform/src/components/ui/accordion.tsx": "f85221a630c305e082e652b2fd6dd36c9115397ce6621a86c039abbdaa42ed91",
    "platform/src/components/ui/alert-dialog.tsx": "5e1fa3afd4fceeb4271341155141a7ca3be21c14058a058a1c8a3a87fb81b629",
    "platform/src/components/ui/alert.tsx": "42f034eb0fd5c287b1c37d288220291ed79d4021b00aa70ffcf441f6369a5df7",
    "platform/src/components/ui/avatar.tsx": "710e3f5fe7343f0b7f8a4f8cf691b1a75a0f35120c27adb0e1b8580b55897bb0",
    "platform/src/components/ui/badge.tsx": "62128cbfa1c6acec26274bb6a6adc9b3ad3e4930d472b0d0341e40a335f511c0",
    "platform/src/components/ui/breadcrumb.tsx": "a660d2de5a565034a49764196a61dcba532e6ef0da4f7ce564ef54509e343822",
    "platform/src/components/ui/button.tsx": "782cd8375d59d30d79fcd28a38fdc194cf3936858c27ecf20a2b2c56e6dfb4ee",
    "platform/src/components/ui/calendar.tsx": "feb118258ab0b12516db5596bd24ca8aee1292e81403aa3cf1fa83e147d1e401",
    "platform/src/components/ui/card.tsx": "98ecd8a92f1f9e4387825fbc705fb778c54a44936ddacc1f027d7794592881ed",
    "platform/src/components/ui/carousel.tsx": "a59b2d2c4a5d01758a28d8f46f1887d63145d73f81ffa9499daf6ed87a35c286",
    "platform/src/components/ui/checkbox.tsx": "206a60b4c60838f2ec668415c0d495d29a901928c5c78225a9a55ed203cf3ed4",
    "platform/src/components/ui/chip.tsx": "ea859e1aed3954c36c8eddd3422060a690b1b3ac1745b2ae7b712a74474585ea",
    "platform/src/components/ui/collapsible.tsx": "21a3f4661731797a1c7b9d9e508d78e6f73b8bbd6ec9b2e49e18d31f65dfe4c5",
    "platform/src/components/ui/combobox.tsx": "a92cc27307ef52866cbd6676387f84aaa5edba499e130e3bb021c710112cfe22",
    "platform/src/components/ui/context-menu.tsx": "42c4bccec57adf695986ef5556cd47ab5f18cb27c8f2caf9d225e32382a303e4",
    "platform/src/components/ui/datatable/DataTable.tsx": "01c3bbcc7cd6ff065e06d9594720c5e07e3e1d805fb19bdc42ed1bbbd822b38d",
    "platform/src/components/ui/datatable/Pagination.tsx": "5cea7eed499c69280c7311fc0443d5ddf7b148b0c3f431e8b429e85f26350962",
    "platform/src/components/ui/datatable/RefreshButton.tsx": "0b3f7afd6f20b22a742f25dd1c95c2b5f10f9d1e67d96735e79c05390a4f8a12",
    "platform/src/components/ui/datatable/RowActionsCell.tsx": "683a653383f0b98919ca965c4f5bf6768b0f6965fe673272362321ce5188281a",
    "platform/src/components/ui/datatable/Searchbar.tsx": "104cce5e950d0f0c12506fdef7d4e7aa03b633cc30dd1a3e03db253b3d4edc71",
    "platform/src/components/ui/datatable/SortableHeader.tsx": "3c5fc246e85a4f21322c6f5368191706f918cf8ad163c2acdc87c54c0a3494b5",
    "platform/src/components/ui/datatable/TableSkeleton.tsx": "861eab9b3f355a4d233876715412c0e823ed9b52e2a2e15fa8a23737f802ff3f",
    "platform/src/components/ui/dialog.tsx": "d779664bfbc8acd2f65e48d505a7f6383e55b67a45ebc152cf6fb78b8085d01e",
    "platform/src/components/ui/drawer.tsx": "4b71ee5b7e43ee0c752b4dba135ee952a0c774c7712d72612a790cf6a7cc3aff",
    "platform/src/components/ui/dropdown-menu.tsx": "9180f3a45ebb1b7e18b18e8e38140fe09e1d9bbd5b9324e942b64438b9aeb6f6",
    "platform/src/components/ui/field.tsx": "e3a898e5654a66c5cd1960c8b2a76b51dfab2c113f716a94eaab0c37cd08d452",
    "platform/src/components/ui/hover-card.tsx": "0c134b1788bea8b463b2f5b6967ef139c928c009b0a472324603781ad2ee5202",
    "platform/src/components/ui/input-group.tsx": "447f59690385d897214dd5f6be67f222701348630391f614808ae0ebc7f1dfaa",
    "platform/src/components/ui/input-otp.tsx": "9e3b4ced0483f9b92a25f7020bb5a822002c9d6b6131437bc9197226d65ff9b6",
    "platform/src/components/ui/input.tsx": "c0f5593a3d217c60da520bc8d073c339ad199e54ff7d2621c56c69e8c945806c",
    "platform/src/components/ui/label.tsx": "b99195ac67ef38dc8a173125e4012797393911f00e5514bb096c055a2c661f07",
    "platform/src/components/ui/menubar.tsx": "6d0ae81fc1fb05e8ded8c74f7a723512a9e5f35f85d26da46736abc80452bf65",
    "platform/src/components/ui/navigation-menu.tsx": "ff44bd4f15b1e0b1996849db7030e5814b2a0758fab59485cbde9b643c9b02d4",
    "platform/src/components/ui/pagination.tsx": "9bbf088dc2b1551b7699785aef967c79a3e49ba17cd7ddacb85fbf826e331c4d",
    "platform/src/components/ui/popover.tsx": "76ce1ef6a9130f46f5fc714f28a3a8667a8ab028690dfb03f73c5c6266f6111f",
    "platform/src/components/ui/progress.tsx": "4c4ef697029303b7a6fd0dfe6a19fa51fe5e77dad69cd8e30681cb5792e4a7f1",
    "platform/src/components/ui/radio-group.tsx": "4d8f35c4df948c6318dd695974c285ebebea60a137a0e40706afa6711e8abba8",
    "platform/src/components/ui/resizable.tsx": "e0d879f37be7a0be8b644045db0cc84d9f41f63dd7df18f100c52ac729bfd0e7",
    "platform/src/components/ui/scroll-area.tsx": "cd542d896ab56d0eebec9d0955b641cacc72eb2900caed768642880ebf9f6699",
    "platform/src/components/ui/select.tsx": "153253e9fcb3f9b7e8e90f04b00102ae771ea5ec0707ac69cd116c0a855f0c51",
    "platform/src/components/ui/separator.tsx": "9cfeb572fd9496dd5a03639eab9c0cf0320a0443462595070b1fe72020ae0383",
    "platform/src/components/ui/sheet.tsx": "0899ba6cc918c5569124d5c2599e05324387efa45d2ae3edd33225c570188d63",
    "platform/src/components/ui/skeleton.tsx": "6cf656104834a1da2f9b834e75e2e0b16e3f441ec51e937349f26d8c020dc4dc",
    "platform/src/components/ui/slider.tsx": "391bb04a458a4c270f70285d36ce5254c41af339e0b9c0916f0d85c23937bcf7",
    "platform/src/components/ui/sonner.tsx": "8c4ba8efa61ffe834852d74644becce75a2b9e2f569fdb794e3bad5bd11ec031",
    "platform/src/components/ui/switch.tsx": "32dccfd7a7eb1aed63511b779d25712ebe66cf56a5dc1de6d7d237d26d17f414",
    "platform/src/components/ui/table.tsx": "e71274c63b63c330202db461198b6bc2762278af4e5119ed34b5aae3cbb0bc7a",
    "platform/src/components/ui/tabs.tsx": "2163f2a4182e422adbafe871cfe143eec0f063a159ea5a7c913ae659eb3e212c",
    "platform/src/components/ui/textarea.tsx": "73a9e3dd4b0fb7691b5ea35b7bc853eb5ec86d6b5d9739a2d736b2642b3db45b",
    "platform/src/components/ui/toast.tsx": "18e92b8e1bd308464410f44c832d9dcd1d723c69ca95cfe6d93a9fcda165ac90",
    "platform/src/components/ui/toggle-group.tsx": "8335c8087cb36624a7e54b8f15bcb71abf67494e544d6192941d23bff207278b",
    "platform/src/components/ui/toggle.tsx": "c3a22be1528d697e5eb3ed98dfb7d193d4ad6c8605d1e29832cea58134d8d02d",
    "platform/src/components/ui/tooltip.tsx": "45ee8a179de31efd0728343b5491a87b09b4925bc5250fdbbb2d4532a3a33490",
    "platform/src/contexts/AuthContext.tsx": "bd60a2c75107befff066fb9371f7f0d4ee2eced57cf5a599d91facc6ecc1ff9c",
    "platform/src/contexts/ThemeContext.tsx": "e6c864781d8bce0722c9adc66f83999c8abfe249266e0a246cfd37975bd178a9",
    "platform/src/hooks/menu/useNavMenu.ts": "d5350421b4bb7f3d2ff31c151d9244961c40d941d8c4e206b42c2bd53e8fad7a",
    "platform/src/hooks/useFilterDraft.ts": "bdf265c415fa2aabf00f5fa8d2a4917bc3f2eb5d752d34671d5922ce31713089",
    "platform/src/hooks/useScreenAccess.ts": "d366379d57001159428e5dd2b6af114689438d7ce5f8e4a252479ef302f9260e",
    "platform/src/hooks/useTableState.ts": "de838960c83158c0dd4f03178818ad01a507e0524a5a76804025dd6bd77aa735",
    "platform/src/hooks/useUnsavedChangesGuard.ts": "9194782fa494fccd4d65c934d650db84ffae84f75aea2d3cb6a1922c20d121c6",
    "platform/src/integrations/supabase/client.ts": "0b5d0e621ac1e295203dc3e1e8d28182c5b78af286d6ff45f65d316d00664a38",
    "platform/src/lib/colorUtils.ts": "4b94d7ee360a2438f8fca58d8579ab8276fef1dc1a8f7d87f664ce3143bd2149",
    "platform/src/lib/constants/app.ts": "596651759adbc3b8780e861c9c9588de0562e0b417a9eaf9502f8d23e37fe77b",
    "platform/src/lib/constants/index.ts": "331e6c68a25a053e9652a3233d4f3a1af41df0a3e38e11e9961d851e69136c4a",
    "platform/src/lib/constants/permissions.ts": "9a0841462edee0bc48d177a60a99fd98afe59861b9e4ee0ea0d9fbd81baf09e7",
    "platform/src/lib/constants/sampleNav.ts": "1bebbd009f3522f0807583e4ecd7b97ee056b4842096cfa17daf82abba1e7a22",
    "platform/src/lib/constants/status.ts": "d074c60d1c97d6f4839301bd307df1853c62c8a2c20cc43e3a6f2a24d3987c7d",
    "platform/src/lib/dateTimeUtils.ts": "a7dfcf5913bc168b824e9345e9dbed99d369aedf4b624d1f5dd245aa42fbf6bd",
    "platform/src/lib/functions.js": "420d786120b6fbe9827054084f7a6765b16692ab42eef5e15dbd6f6c1ad09ef6",
    "platform/src/lib/index.ts": "c828096ef1f8424febb6cf4c2b73ddc72a44edecde367c5374723d1cea3dcc61",
    "platform/src/lib/layoutUtils.ts": "4f8e70d3afe7c6fc41292945002a7c5b0b8ece3097fdb0de0bca28db8cb18435",
    "platform/src/lib/numericUtils.ts": "41e27dda227a2d5ce0a8ab7f99ce6203539175782e4abd30e89407f7569e9c16",
    "platform/src/lib/shadcn/shadcn-utils.ts": "d1f1e0d62cb8d8d1e04c26e14de842d8a151f75812d81b046c65b5d1fe8e4b27",
    "platform/src/pages/Login.tsx": "e33c272133618f4d065147f64cb3e8bf8cab7c78431faf7cf9ae0d6d0070b2c0",
    "platform/src/pages/NotFound.tsx": "88197b14be5ca4111ca75333dd0814834b08c7b1287223b1635fae90c0f17832",
    "platform/src/routes/AppRouter.tsx": "52060370d9ab2f8bf92dc3b08f1b2dff51ba4209479edbc45dd9b01a50adaf91",
    "platform/src/routes/ProtectedRoute.tsx": "2ccefd55d031c6240f456a996af811ce427e1d9f7d9ad36d21ba0be5d2746896",
    "platform/src/routes/modules/auth.routes.tsx": "7d42d7489d1ec40135b55b8bb6b2d91b48833b603048c0e3c74462d76133084e",
    "platform/src/routes/modules/samples.routes.tsx": "c7e68e2ec732912cfffdd389dc0bb05347bf821d1a45aafd20b47eb634ad1e90",
    "platform/src/routes/registry.ts": "97db8c76109cbbf08397b90c7ad213d8c513a4f5b64c0f54857340ffb423ae95",
    "platform/src/samples/AdvancedComponents.tsx": "e0753f54a94b0b221f4dbd6ccb6aa18d32c5a368ad8bd71e16aac0cb9e7ed6a9",
    "platform/src/samples/Primitives.tsx": "5a582f5afb61e6a6930251938990d3534c8ee35277f17a8ad8292b4dbab4d4c6",
    "platform/src/samples/SampleGallery.tsx": "2027d0873ca926559cef831e44beaa2c0fd642eb955f51b77ae0a71a2abe7201",
    "platform/src/samples/SampleHome.tsx": "8ad303d28ae1281a6639fa5546fa9c3eaea8ee9ab8457f90d4adab282022404c",
    "platform/src/samples/TemplateGallery.tsx": "dab465a8b537d4b42d2a2ec2f90fb9ac6c216e7f933b024cb7277c3d2f400083",
    "platform/src/samples/registry.ts": "87d8bdc6e25f19137e2f87223ca8505e5e9faaf15af82bfe9ee4d1d348243e6d",
    "platform/src/samples/samples/ApprovalPage.tsx": "032386bc54a589d689fbb0d1dd66c6982358cdc6f2e6d9788610348d4201b7ab",
    "platform/src/samples/samples/CardListPage.tsx": "30404aa687b67a895d16f295f3438c659608ae0b4afc4a66d4149fbdaaebdee3",
    "platform/src/samples/samples/ConfirmationPageDetailed.tsx": "bccc581e5abaa177eb43cf7cdc3ea67a939b7fcfd77419b6c2921e1d1922995f",
    "platform/src/samples/samples/ConfirmationPageSimple.tsx": "fb493336cbed4f97493a08f504b301775f62ff8f5c43f53aedd8847d5fe6785b",
    "platform/src/samples/samples/DashboardPage.tsx": "817dee20da94b02268438348afc89995245d23b9db59ec02c588cfd5ba764696",
    "platform/src/samples/samples/DetailPage.tsx": "2a36b3f3ed07106c874cd599f416c5090ed85206eca056b9638b712917ba509e",
    "platform/src/samples/samples/FormPageInternal.tsx": "7200f997932855ceda1c18f26c773317881b89fcd5f016f9bbbf12fe5d83b7ee",
    "platform/src/samples/samples/FormPagePublic.tsx": "c6a0bfc2d021f09abb951fbf1717dfbb8a421cceb26dd065d23e411303da0d59",
    "platform/src/samples/samples/ScopedListPage.tsx": "1aa1a2229d11971c0bd36917518001b4ac8eec61344df76d0c00b8fcaf153b6f",
    "platform/src/samples/samples/StandardManagementPage.tsx": "c966aa0c1dad4458f9dc817b5bb97273a22b8ca6f3f6575cc46d56f95bdbab08",
    "platform/src/samples/templates/CardGrid.tsx": "f6c488a300515ffa7c307bfdfd34951459b573cf9fd3557a492b95d79bd8a54b",
    "platform/src/samples/templates/SingleCard.tsx": "7c90a92837fca5c6bf0e0344e4d2db3e21a1e8a0ffae034cc36a575838665012",
    "platform/src/samples/templates/SplitCard.tsx": "21e086038fd99f20cfa0f491fc5521362e536b0f3fca9768a7066eb00d2574a2",
    "platform/src/samples/templates/StackedCard.tsx": "6e44d33ac035cea29470f2ba8a72ec0c616ba948b82a53ec779ea33d850ac785",
    "platform/src/services/auth.ts": "c0559bfb3afebdaeebe8383e59a85737d0c04245288d23e23211295cfd9c3c95",
    "platform/src/services/menu.ts": "2eccef1690af1ec60686ca9c68e761ec2115ce2fa372c3fa6405c9682c81a09a",
    "platform/src/services/roles.ts": "ad80850002c94d43a652b299bac50a1b48b8ef9102cf25e5761ba39fd1b9da7c",
    "platform/src/services/screens.ts": "b6b4f4d69b30bc5f1b1af42e1de3a6310d3cbe5b0db747aa7aa1b3632dc0dbf7",
    "platform/src/services/users.ts": "c65941e0f640bce55c68137021020a94dbdca830a56964d19c7374cbc07ae583",
    "platform/src/styles/framework.css": "75110ef2b94cc8cf8b949fe6bedb6b1cb69b19ef0a7544fc5a45d43dca936d47",
    "platform/src/templates/CardGridTemplate.tsx": "ad7b6e39b49192d142aee48230fd258f9abb5e71328b51195c997f53fdb057b7",
    "platform/src/templates/SingleCardTemplate.tsx": "78a5741b2347715ba774d86714000edd37709df2a05bbcc60ca2eb2190b04dad",
    "platform/src/templates/SplitCardTemplate.tsx": "a97e3d77b50145b98fc25f8a6322647c56027010154667a2abd0526cf9278de3",
    "platform/src/templates/StackedCardTemplate.tsx": "8ff036181356224c57de9354cdda07a3df7557c6b62d022ea835f9ad5784d552",
    "platform/src/templates/registry.ts": "bbd39c53d9e6d5331bdefce0ca91883bec245b35aa958be51ad460459fe85497",
    "platform/src/types/auth.ts": "6c75ddf5e7249b16a118a6895347ef73cd2f3e7eea67a76c7cbb268bc29c1941",
    "platform/src/types/filters.ts": "fcc473267b80e2c210de4e296c7987044601e3ea4e06674c96c4be86431d338e",
    "platform/src/types/index.ts": "5d36727c13e055f983090f4ee1c46c005798683236c3ac0b9ab2ffbe31336a69",
    "platform/src/types/navigation.ts": "2eefd0c27070d7a26b4b55efb7bec3be932f2f85ecb4655c9a697039ff3b1eca",
    "platform/src/types/roles.ts": "8b4f4cfd43afcef20dc186f26224a49556303e9cc1b6e3daf4fdc1c96209802e",
    "platform/src/types/routing.ts": "19b75bcfee3920c9425f0aaa93a7a6aaf33698bfdf2ec99456df99d815d83094",
    "platform/src/types/samples.ts": "b65ac135aac873f0b55e818c9b816191a1e6fa3c8735352bcd5f52c73fd3ff39",
    "platform/src/types/table.ts": "803298c179d6097e7e49cf0b98eb2a7973439e8a81ad5de7976ba205154a7811",
    "platform/src/types/templates.ts": "778a08101ef07d7167b8808238d0bd667ebe447feac2bed35fb700007d3ff5ad",
    "platform/src/types/users.ts": "ccd675830dfa0470b6f63b31775eec71e2ddea19510b06a831f38662682aa7de",
    "skills-lock.json": "4d06ad8324e9f4cfcd06bf9697764c1b3d69c0f7a68b1bb7a67ba819f15ac776",
    "src/main.tsx": "4a08bcda3550f071637099591c67b04e2b00578c98aa3948ec0f7cba93aeb926",
    "src/vite-env.d.ts": "65996936fbb042915f7b74a200fcdde7e410f32a669b1ab9597cfaa4b0faddb5",
    "tailwind.md": "012bc0db821ba2c643853773adbd1f9a83070a53977d464c4cc9cf351aca05ed",
    "tsconfig.app.json": "754d2baa16b030e92881244a30c3819d35097486c83864d3ca54285d9f6b3acd",
    "tsconfig.json": "7de655c563216758e11c1cea527747084e160cbccd09c50d27137e83f0e1340b",
    "tsconfig.node.json": "a96b9ba5e40d95b92adf56431fdf9cbe25b5c2557621f0666615bff6889dfc50",
    "vite.config.ts": "fcf3117fafb6198ce4edb4d05d61fdb2da7c9dfe544355a3f50aef1d5e7468cd"
  }
}
